
Microsoft Visual Studio Solution File, Format Version 12.00
# Visual Studio Version 17
VisualStudioVersion = 17.9.34728.123
MinimumVisualStudioVersion = 10.0.40219.1
Project("{9A19103F-16F7-4668-BE54-9A1E7A4F7556}") = "PROJECT", "PROJECT\PROJECT.csproj", "{2167A030-39D6-4423-B26D-FF4D5BB221B4}"
EndProject
Project("{9A19103F-16F7-4668-BE54-9A1E7A4F7556}") = "Repository", "Repository\Repository.csproj", "{DA0D4000-9004-403D-AEF8-602B0A3026E0}"
EndProject
Global
	GlobalSection(SolutionConfigurationPlatforms) = preSolution
		Debug|Any CPU = Debug|Any CPU
		Release|Any CPU = Release|Any CPU
	EndGlobalSection
	GlobalSection(ProjectConfigurationPlatforms) = postSolution
		{2167A030-39D6-4423-B26D-FF4D5BB221B4}.Debug|Any CPU.ActiveCfg = Debug|Any CPU
		{2167A030-39D6-4423-B26D-FF4D5BB221B4}.Debug|Any CPU.Build.0 = Debug|Any CPU
		{2167A030-39D6-4423-B26D-FF4D5BB221B4}.Release|Any CPU.ActiveCfg = Release|Any CPU
		{2167A030-39D6-4423-B26D-FF4D5BB221B4}.Release|Any CPU.Build.0 = Release|Any CPU
		{DA0D4000-9004-403D-AEF8-602B0A3026E0}.Debug|Any CPU.ActiveCfg = Debug|Any CPU
		{DA0D4000-9004-403D-AEF8-602B0A3026E0}.Debug|Any CPU.Build.0 = Debug|Any CPU
		{DA0D4000-9004-403D-AEF8-602B0A3026E0}.Release|Any CPU.ActiveCfg = Release|Any CPU
		{DA0D4000-9004-403D-AEF8-602B0A3026E0}.Release|Any CPU.Build.0 = Release|Any CPU
	EndGlobalSection
	GlobalSection(SolutionProperties) = preSolution
		HideSolutionNode = FALSE
	EndGlobalSection
	GlobalSection(ExtensibilityGlobals) = postSolution
		SolutionGuid = {29A47741-3A69-4DC3-9651-6CEBA0837BB7}
	EndGlobalSection
EndGlobal
